<?xml version="1.0" encoding="utf-8"?>
<Project ToolsVersion="4.0" xmlns="http://schemas.microsoft.com/developer/msbuild/2003">
  <ItemGroup>
    <Filter Include="Source Files">
      <UniqueIdentifier>{4FC737F1-C7A5-4376-A066-2A32D752A2FF}</UniqueIdentifier>
      <Extensions>cpp;c;cc;cxx;def;odl;idl;hpj;bat;asm;asmx</Extensions>
    </Filter>
    <Filter Include="Resource Files">
      <UniqueIdentifier>{67DA6AB6-F800-4c08-8B7A-83BB121AAD01}</UniqueIdentifier>
      <Extensions>rc;ico;cur;bmp;dlg;rc2;rct;bin;rgs;gif;jpg;jpeg;jpe;resx;tiff;tif;png;wav;mfcribbon-ms</Extensions>
    </Filter>
    <Filter Include="Source Files\Sequence">
      <UniqueIdentifier>{90d5ac0a-51bc-461c-ad0a-995cc59d6a75}</UniqueIdentifier>
    </Filter>
    <Filter Include="Source Files\Sequence\Game">
      <UniqueIdentifier>{f966baf7-569e-4f13-8424-fe5d1c25ba1c}</UniqueIdentifier>
    </Filter>
    <Filter Include="Source Files\Sequence\DuoGame">
      <UniqueIdentifier>{ec76fdba-a277-41d2-b0d0-c4b1cafd9f70}</UniqueIdentifier>
    </Filter>
    <Filter Include="Source Files\Sequence\SoloGame">
      <UniqueIdentifier>{211a6d22-40fc-471d-91db-e304dab58c14}</UniqueIdentifier>
    </Filter>
  </ItemGroup>
  <ItemGroup>
    <ClInclude Include="Array2D.h">
      <Filter>Source Files</Filter>
    </ClInclude>
    <ClInclude Include="file.h">
      <Filter>Source Files</Filter>
    </ClInclude>
    <ClInclude Include="image.h">
      <Filter>Source Files</Filter>
    </ClInclude>
    <ClInclude Include="Object.h">
      <Filter>Source Files</Filter>
    </ClInclude>
    <ClInclude Include="point.h">
      <Filter>Source Files</Filter>
    </ClInclude>
    <ClInclude Include="StringRenderer.h">
      <Filter>Source Files</Filter>
    </ClInclude>
    <ClInclude Include="Sequence\GameInstance.h">
      <Filter>Source Files\Sequence</Filter>
    </ClInclude>
    <ClInclude Include="Sequence\Title.h">
      <Filter>Source Files\Sequence</Filter>
    </ClInclude>
    <ClInclude Include="Sequence\Ending.h">
      <Filter>Source Files\Sequence</Filter>
    </ClInclude>
    <ClInclude Include="Sequence\GameOver.h">
      <Filter>Source Files\Sequence</Filter>
    </ClInclude>
    <ClInclude Include="Sequence\SoloGame\Clear.h">
      <Filter>Source Files\Sequence\SoloGame</Filter>
    </ClInclude>
    <ClInclude Include="Sequence\SoloGame\Fail.h">
      <Filter>Source Files\Sequence\SoloGame</Filter>
    </ClInclude>
    <ClInclude Include="Sequence\SoloGame\Parent.h">
      <Filter>Source Files\Sequence\SoloGame</Filter>
    </ClInclude>
    <ClInclude Include="Sequence\SoloGame\Play.h">
      <Filter>Source Files\Sequence\SoloGame</Filter>
    </ClInclude>
    <ClInclude Include="Sequence\DuoGame\DisplayResult.h">
      <Filter>Source Files\Sequence\DuoGame</Filter>
    </ClInclude>
    <ClInclude Include="Sequence\DuoGame\Parent.h">
      <Filter>Source Files\Sequence\DuoGame</Filter>
    </ClInclude>
    <ClInclude Include="Sequence\DuoGame\Play.h">
      <Filter>Source Files\Sequence\DuoGame</Filter>
    </ClInclude>
    <ClInclude Include="Sequence\Game\Pause.h">
      <Filter>Source Files\Sequence\Game</Filter>
    </ClInclude>
    <ClInclude Include="Sequence\Game\Ready.h">
      <Filter>Source Files\Sequence\Game</Filter>
    </ClInclude>
    <ClInclude Include="Sequence\Game\Parent.h">
      <Filter>Source Files\Sequence\Game</Filter>
    </ClInclude>
    <ClInclude Include="Sequence\SoloGame\Player.h">
      <Filter>Source Files\Sequence</Filter>
    </ClInclude>
    <ClInclude Include="Sequence\SoloGame\State.h">
      <Filter>Source Files\Sequence\SoloGame</Filter>
    </ClInclude>
  </ItemGroup>
  <ItemGroup>
    <ClCompile Include="file.cpp">
      <Filter>Source Files</Filter>
    </ClCompile>
    <ClCompile Include="image.cpp">
      <Filter>Source Files</Filter>
    </ClCompile>
    <ClCompile Include="Object.cpp">
      <Filter>Source Files</Filter>
    </ClCompile>
    <ClCompile Include="StringRenderer.cpp">
      <Filter>Source Files</Filter>
    </ClCompile>
    <ClCompile Include="Sequence\GameInstance.cpp">
      <Filter>Source Files\Sequence</Filter>
    </ClCompile>
    <ClCompile Include="Sequence\Title.cpp">
      <Filter>Source Files\Sequence</Filter>
    </ClCompile>
    <ClCompile Include="Sequence\Ending.cpp">
      <Filter>Source Files\Sequence</Filter>
    </ClCompile>
    <ClCompile Include="Sequence\GameOver.cpp">
      <Filter>Source Files\Sequence</Filter>
    </ClCompile>
    <ClCompile Include="Sequence\SoloGame\Clear.cpp">
      <Filter>Source Files\Sequence\SoloGame</Filter>
    </ClCompile>
    <ClCompile Include="Sequence\SoloGame\Fail.cpp">
      <Filter>Source Files\Sequence\SoloGame</Filter>
    </ClCompile>
    <ClCompile Include="Sequence\SoloGame\Parent.cpp">
      <Filter>Source Files\Sequence\SoloGame</Filter>
    </ClCompile>
    <ClCompile Include="Sequence\SoloGame\Play.cpp">
      <Filter>Source Files\Sequence\SoloGame</Filter>
    </ClCompile>
    <ClCompile Include="Sequence\DuoGame\DisplayResult.cpp">
      <Filter>Source Files\Sequence\DuoGame</Filter>
    </ClCompile>
    <ClCompile Include="Sequence\DuoGame\Parent.cpp">
      <Filter>Source Files\Sequence\DuoGame</Filter>
    </ClCompile>
    <ClCompile Include="Sequence\DuoGame\Play.cpp">
      <Filter>Source Files\Sequence\DuoGame</Filter>
    </ClCompile>
    <ClCompile Include="Sequence\Game\Pause.cpp">
      <Filter>Source Files\Sequence\Game</Filter>
    </ClCompile>
    <ClCompile Include="Sequence\Game\Ready.cpp">
      <Filter>Source Files\Sequence\Game</Filter>
    </ClCompile>
    <ClCompile Include="Sequence\Game\Parent.cpp">
      <Filter>Source Files\Sequence\Game</Filter>
    </ClCompile>
    <ClCompile Include="Sequence\SoloGame\State.cpp">
      <Filter>Source Files\Sequence\SoloGame</Filter>
    </ClCompile>
  </ItemGroup>
</Project>